
Microsoft Visual Studio Solution File, Format Version 12.00
# Visual Studio Version 16
VisualStudioVersion = 16.0.30011.22
MinimumVisualStudioVersion = 10.0.40219.1
Project("{FAE04EC0-301F-11D3-BF4B-00C04F79EFBC}") = "Ini.Net", "src\Ini.Net\Ini.Net.csproj", "{109977DF-DDCB-4CB8-B658-51DF6DA2842C}"
EndProject
Project("{FAE04EC0-301F-11D3-BF4B-00C04F79EFBC}") = "Ini.Net.Tests", "test\Ini.Net.Tests\Ini.Net.Tests.csproj", "{B99D6813-2B82-4EB3-B043-BFCDDCBB745B}"
EndProject
Project("{FAE04EC0-301F-11D3-BF4B-00C04F79EFBC}") = "ConsoleApp1", "ConsoleApp1\ConsoleApp1.csproj", "{2D7766BC-9287-4DB6-BE11-8E19C4F72416}"
EndProject
Global
	GlobalSection(SolutionConfigurationPlatforms) = preSolution
		Debug|Any CPU = Debug|Any CPU
		Release|Any CPU = Release|Any CPU
	EndGlobalSection
	GlobalSection(ProjectConfigurationPlatforms) = postSolution
		{109977DF-DDCB-4CB8-B658-51DF6DA2842C}.Debug|Any CPU.ActiveCfg = Debug|Any CPU
		{109977DF-DDCB-4CB8-B658-51DF6DA2842C}.Debug|Any CPU.Build.0 = Debug|Any CPU
		{109977DF-DDCB-4CB8-B658-51DF6DA2842C}.Release|Any CPU.ActiveCfg = Release|Any CPU
		{109977DF-DDCB-4CB8-B658-51DF6DA2842C}.Release|Any CPU.Build.0 = Release|Any CPU
		{B99D6813-2B82-4EB3-B043-BFCDDCBB745B}.Debug|Any CPU.ActiveCfg = Debug|Any CPU
		{B99D6813-2B82-4EB3-B043-BFCDDCBB745B}.Debug|Any CPU.Build.0 = Debug|Any CPU
		{B99D6813-2B82-4EB3-B043-BFCDDCBB745B}.Release|Any CPU.ActiveCfg = Release|Any CPU
		{B99D6813-2B82-4EB3-B043-BFCDDCBB745B}.Release|Any CPU.Build.0 = Release|Any CPU
		{2D7766BC-9287-4DB6-BE11-8E19C4F72416}.Debug|Any CPU.ActiveCfg = Debug|Any CPU
		{2D7766BC-9287-4DB6-BE11-8E19C4F72416}.Debug|Any CPU.Build.0 = Debug|Any CPU
		{2D7766BC-9287-4DB6-BE11-8E19C4F72416}.Release|Any CPU.ActiveCfg = Release|Any CPU
		{2D7766BC-9287-4DB6-BE11-8E19C4F72416}.Release|Any CPU.Build.0 = Release|Any CPU
	EndGlobalSection
	GlobalSection(SolutionProperties) = preSolution
		HideSolutionNode = FALSE
	EndGlobalSection
	GlobalSection(ExtensibilityGlobals) = postSolution
		SolutionGuid = {EAE21322-BA5A-4FF3-B63B-30FA5D546792}
	EndGlobalSection
EndGlobal
